// !$*UTF8*$!
{
	archiveVersion = 1;
	classes = {
	};
	objectVersion = 46;
	objects = {

/* Begin PBXBuildFile section */
		3CB7B7151F63911C000DBF9C /* main.m in Sources */ = {isa = PBXBuildFile; fileRef = 3CB7B7141F63911C000DBF9C /* main.m */; };
		3CB7B7181F63911C000DBF9C /* AppDelegate.m in Sources */ = {isa = PBXBuildFile; fileRef = 3CB7B7171F63911C000DBF9C /* AppDelegate.m */; };
		3CB7B71B1F63911C000DBF9C /* ViewController.m in Sources */ = {isa = PBXBuildFile; fileRef = 3CB7B71A1F63911C000DBF9C /* ViewController.m */; };
		3CB7B71E1F63911C000DBF9C /* Main.storyboard in Resources */ = {isa = PBXBuildFile; fileRef = 3CB7B71C1F63911C000DBF9C /* Main.storyboard */; };
		3CB7B7201F63911C000DBF9C /* Assets.xcassets in Resources */ = {isa = PBXBuildFile; fileRef = 3CB7B71F1F63911C000DBF9C /* Assets.xcassets */; };
		3CB7B7231F63911C000DBF9C /* LaunchScreen.storyboard in Resources */ = {isa = PBXBuildFile; fileRef = 3CB7B7211F63911C000DBF9C /* LaunchScreen.storyboard */; };
		3CB7B72D1F63914D000DBF9C /* EEMultiDelegate.m in Sources */ = {isa = PBXBuildFile; fileRef = 3CB7B72C1F63914D000DBF9C /* EEMultiDelegate.m */; };
		3CB7B7301F639257000DBF9C /* MyService.m in Sources */ = {isa = PBXBuildFile; fileRef = 3CB7B72F1F639257000DBF9C /* MyService.m */; };
		3CB7B7331F63995B000DBF9C /* MessagePanel.m in Sources */ = {isa = PBXBuildFile; fileRef = 3CB7B7321F63995B000DBF9C /* MessagePanel.m */; };
		3CF510B01F63FC1F006A8C15 /* fsda.m in Sources */ = {isa = PBXBuildFile; fileRef = 3CF510AF1F63FC1F006A8C15 /* fsda.m */; };
/* End PBXBuildFile section */

/* Begin PBXFileReference section */
		3CB7B7101F63911C000DBF9C /* EEMultiDelegateDemo.app */ = {isa = PBXFileReference; explicitFileType = wrapper.application; includeInIndex = 0; path = EEMultiDelegateDemo.app; sourceTree = BUILT_PRODUCTS_DIR; };
		3CB7B7141F63911C000DBF9C /* main.m */ = {isa = PBXFileReference; lastKnownFileType = sourcecode.c.objc; path = main.m; sourceTree = "<group>"; };
		3CB7B7161F63911C000DBF9C /* AppDelegate.h */ = {isa = PBXFileReference; lastKnownFileType = sourcecode.c.h; path = AppDelegate.h; sourceTree = "<group>"; };
		3CB7B7171F63911C000DBF9C /* AppDelegate.m */ = {isa = PBXFileReference; lastKnownFileType = sourcecode.c.objc; path = AppDelegate.m; sourceTree = "<group>"; };
		3CB7B7191F63911C000DBF9C /* ViewController.h */ = {isa = PBXFileReference; lastKnownFileType = sourcecode.c.h; path = ViewController.h; sourceTree = "<group>"; };
		3CB7B71A1F63911C000DBF9C /* ViewController.m */ = {isa = PBXFileReference; lastKnownFileType = sourcecode.c.objc; path = ViewController.m; sourceTree = "<group>"; };
		3CB7B71D1F63911C000DBF9C /* Base */ = {isa = PBXFileReference; lastKnownFileType = file.storyboard; name = Base; path = Base.lproj/Main.storyboard; sourceTree = "<group>"; };
		3CB7B71F1F63911C000DBF9C /* Assets.xcassets */ = {isa = PBXFileReference; lastKnownFileType = folder.assetcatalog; path = Assets.xcassets; sourceTree = "<group>"; };
		3CB7B7221F63911C000DBF9C /* Base */ = {isa = PBXFileReference; lastKnownFileType = file.storyboard; name = Base; path = Base.lproj/LaunchScreen.storyboard; sourceTree = "<group>"; };
		3CB7B7241F63911C000DBF9C /* Info.plist */ = {isa = PBXFileReference; lastKnownFileType = text.plist.xml; path = Info.plist; sourceTree = "<group>"; };
		3CB7B72B1F63914D000DBF9C /* EEMultiDelegate.h */ = {isa = PBXFileReference; fileEncoding = 4; lastKnownFileType = sourcecode.c.h; path = EEMultiDelegate.h; sourceTree = "<group>"; };
		3CB7B72C1F63914D000DBF9C /* EEMultiDelegate.m */ = {isa = PBXFileReference; fileEncoding = 4; lastKnownFileType = sourcecode.c.objc; path = EEMultiDelegate.m; sourceTree = "<group>"; };
		3CB7B72E1F639257000DBF9C /* MyService.h */ = {isa = PBXFileReference; fileEncoding = 4; lastKnownFileType = sourcecode.c.h; path = MyService.h; sourceTree = "<group>"; };
		3CB7B72F1F639257000DBF9C /* MyService.m */ = {isa = PBXFileReference; fileEncoding = 4; lastKnownFileType = sourcecode.c.objc; path = MyService.m; sourceTree = "<group>"; };
		3CB7B7311F63995B000DBF9C /* MessagePanel.h */ = {isa = PBXFileReference; fileEncoding = 4; lastKnownFileType = sourcecode.c.h; path = MessagePanel.h; sourceTree = "<group>"; };
		3CB7B7321F63995B000DBF9C /* MessagePanel.m */ = {isa = PBXFileReference; fileEncoding = 4; lastKnownFileType = sourcecode.c.objc; path = MessagePanel.m; sourceTree = "<group>"; };
		3CF510AE1F63FC1F006A8C15 /* fsda.h */ = {isa = PBXFileReference; fileEncoding = 4; lastKnownFileType = sourcecode.c.h; path = fsda.h; sourceTree = "<group>"; };
		3CF510AF1F63FC1F006A8C15 /* fsda.m */ = {isa = PBXFileReference; fileEncoding = 4; lastKnownFileType = sourcecode.c.objc; path = fsda.m; sourceTree = "<group>"; };
/* End PBXFileReference section */

/* Begin PBXFrameworksBuildPhase section */
		3CB7B70D1F63911C000DBF9C /* Frameworks */ = {
			isa = PBXFrameworksBuildPhase;
			buildActionMask = 2147483647;
			files = (
			);
			runOnlyForDeploymentPostprocessing = 0;
		};
/* End PBXFrameworksBuildPhase section */

/* Begin PBXGroup section */
		3CB7B7071F63911C000DBF9C = {
			isa = PBXGroup;
			children = (
				3CB7B7121F63911C000DBF9C /* EEMultiDelegateDemo */,
				3CB7B7111F63911C000DBF9C /* Products */,
			);
			sourceTree = "<group>";
		};
		3CB7B7111F63911C000DBF9C /* Products */ = {
			isa = PBXGroup;
			children = (
				3CB7B7101F63911C000DBF9C /* EEMultiDelegateDemo.app */,
			);
			name = Products;
			sourceTree = "<group>";
		};
		3CB7B7121F63911C000DBF9C /* EEMultiDelegateDemo */ = {
			isa = PBXGroup;
			children = (
				3CB7B72A1F639123000DBF9C /* MultiDelegate */,
				3CB7B7161F63911C000DBF9C /* AppDelegate.h */,
				3CB7B7171F63911C000DBF9C /* AppDelegate.m */,
				3CB7B72E1F639257000DBF9C /* MyService.h */,
				3CB7B72F1F639257000DBF9C /* MyService.m */,
				3CB7B7311F63995B000DBF9C /* MessagePanel.h */,
				3CF510AE1F63FC1F006A8C15 /* fsda.h */,
				3CF510AF1F63FC1F006A8C15 /* fsda.m */,
				3CB7B7321F63995B000DBF9C /* MessagePanel.m */,
				3CB7B7191F63911C000DBF9C /* ViewController.h */,
				3CB7B71A1F63911C000DBF9C /* ViewController.m */,
				3CB7B71C1F63911C000DBF9C /* Main.storyboard */,
				3CB7B71F1F63911C000DBF9C /* Assets.xcassets */,
				3CB7B7211F63911C000DBF9C /* LaunchScreen.storyboard */,
				3CB7B7241F63911C000DBF9C /* Info.plist */,
				3CB7B7131F63911C000DBF9C /* Supporting Files */,
			);
			path = EEMultiDelegateDemo;
			sourceTree = "<group>";
		};
		3CB7B7131F63911C000DBF9C /* Supporting Files */ = {
			isa = PBXGroup;
			children = (
				3CB7B7141F63911C000DBF9C /* main.m */,
			);
			name = "Supporting Files";
			sourceTree = "<group>";
		};
		3CB7B72A1F639123000DBF9C /* MultiDelegate */ = {
			isa = PBXGroup;
			children = (
				3CB7B72B1F63914D000DBF9C /* EEMultiDelegate.h */,
				3CB7B72C1F63914D000DBF9C /* EEMultiDelegate.m */,
			);
			name = MultiDelegate;
			sourceTree = "<group>";
		};
/* End PBXGroup section */

/* Begin PBXNativeTarget section */
		3CB7B70F1F63911C000DBF9C /* EEMultiDelegateDemo */ = {
			isa = PBXNativeTarget;
			buildConfigurationList = 3CB7B7271F63911C000DBF9C /* Build configuration list for PBXNativeTarget "EEMultiDelegateDemo" */;
			buildPhases = (
				3CB7B70C1F63911C000DBF9C /* Sources */,
				3CB7B70D1F63911C000DBF9C /* Frameworks */,
				3CB7B70E1F63911C000DBF9C /* Resources */,
			);
			buildRules = (
			);
			dependencies = (
			);
			name = EEMultiDelegateDemo;
			productName = EEMultiDelegateDemo;
			productReference = 3CB7B7101F63911C000DBF9C /* EEMultiDelegateDemo.app */;
			productType = "com.apple.product-type.application";
		};
/* End PBXNativeTarget section */

/* Begin PBXProject section */
		3CB7B7081F63911C000DBF9C /* Project object */ = {
			isa = PBXProject;
			attributes = {
				LastUpgradeCheck = 0830;
				ORGANIZATIONNAME = ian;
				TargetAttributes = {
					3CB7B70F1F63911C000DBF9C = {
						CreatedOnToolsVersion = 8.3.3;
						DevelopmentTeam = HM2V979V4E;
						ProvisioningStyle = Automatic;
					};
				};
			};
			buildConfigurationList = 3CB7B70B1F63911C000DBF9C /* Build configuration list for PBXProject "EEMultiDelegateDemo" */;
			compatibilityVersion = "Xcode 3.2";
			developmentRegion = English;
			hasScannedForEncodings = 0;
			knownRegions = (
				en,
				Base,
			);
			mainGroup = 3CB7B7071F63911C000DBF9C;
			productRefGroup = 3CB7B7111F63911C000DBF9C /* Products */;
			projectDirPath = "";
			projectRoot = "";
			targets = (
				3CB7B70F1F63911C000DBF9C /* EEMultiDelegateDemo */,
			);
		};
/* End PBXProject section */

/* Begin PBXResourcesBuildPhase section */
		3CB7B70E1F63911C000DBF9C /* Resources */ = {
			isa = PBXResourcesBuildPhase;
			buildActionMask = 2147483647;
			files = (
				3CB7B7231F63911C000DBF9C /* LaunchScreen.storyboard in Resources */,
				3CB7B7201F63911C000DBF9C /* Assets.xcassets in Resources */,
				3CB7B71E1F63911C000DBF9C /* Main.storyboard in Resources */,
			);
			runOnlyForDeploymentPostprocessing = 0;
		};
/* End PBXResourcesBuildPhase section */

/* Begin PBXSourcesBuildPhase section */
		3CB7B70C1F63911C000DBF9C /* Sources */ = {
			isa = PBXSourcesBuildPhase;
			buildActionMask = 2147483647;
			files = (
				3CB7B72D1F63914D000DBF9C /* EEMultiDelegate.m in Sources */,
				3CB7B71B1F63911C000DBF9C /* ViewController.m in Sources */,
				3CB7B7331F63995B000DBF9C /* MessagePanel.m in Sources */,
				3CB7B7181F63911C000DBF9C /* AppDelegate.m in Sources */,
				3CF510B01F63FC1F006A8C15 /* fsda.m in Sources */,
				3CB7B7151F63911C000DBF9C /* main.m in Sources */,
				3CB7B7301F639257000DBF9C /* MyService.m in Sources */,
			);
			runOnlyForDeploymentPostprocessing = 0;
		};
/* End PBXSourcesBuildPhase section */

/* Begin PBXVariantGroup section */
		3CB7B71C1F63911C000DBF9C /* Main.storyboard */ = {
			isa = PBXVariantGroup;
			children = (
				3CB7B71D1F63911C000DBF9C /* Base */,
			);
			name = Main.storyboard;
			sourceTree = "<group>";
		};
		3CB7B7211F63911C000DBF9C /* LaunchScreen.storyboard */ = {
			isa = PBXVariantGroup;
			children = (
				3CB7B7221F63911C000DBF9C /* Base */,
			);
			name = LaunchScreen.storyboard;
			sourceTree = "<group>";
		};
/* End PBXVariantGroup section */

/* Begin XCBuildConfiguration section */
		3CB7B7251F63911C000DBF9C /* Debug */ = {
			isa = XCBuildConfiguration;
			buildSettings = {
				ALWAYS_SEARCH_USER_PATHS = NO;
				CLANG_ANALYZER_NONNULL = YES;
				CLANG_ANALYZER_NUMBER_OBJECT_CONVERSION = YES_AGGRESSIVE;
				CLANG_CXX_LANGUAGE_STANDARD = "gnu++0x";
				CLANG_CXX_LIBRARY = "libc++";
				CLANG_ENABLE_MODULES = YES;
				CLANG_ENABLE_OBJC_ARC = YES;
				CLANG_WARN_BOOL_CONVERSION = YES;
				CLANG_WARN_CONSTANT_CONVERSION = YES;
				CLANG_WARN_DIRECT_OBJC_ISA_USAGE = YES_ERROR;
				CLANG_WARN_DOCUMENTATION_COMMENTS = YES;
				CLANG_WARN_EMPTY_BODY = YES;
				CLANG_WARN_ENUM_CONVERSION = YES;
				CLANG_WARN_INFINITE_RECURSION = YES;
				CLANG_WARN_INT_CONVERSION = YES;
				CLANG_WARN_OBJC_ROOT_CLASS = YES_ERROR;
				CLANG_WARN_SUSPICIOUS_MOVE = YES;
				CLANG_WARN_UNREACHABLE_CODE = YES;
				CLANG_WARN__DUPLICATE_METHOD_MATCH = YES;
				"CODE_SIGN_IDENTITY[sdk=iphoneos*]" = "iPhone Developer";
				COPY_PHASE_STRIP = NO;
				DEBUG_INFORMATION_FORMAT = dwarf;
				ENABLE_STRICT_OBJC_MSGSEND = YES;
				ENABLE_TESTABILITY = YES;
				GCC_C_LANGUAGE_STANDARD = gnu99;
				GCC_DYNAMIC_NO_PIC = NO;
				GCC_NO_COMMON_BLOCKS = YES;
				GCC_OPTIMIZATION_LEVEL = 0;
				GCC_PREPROCESSOR_DEFINITIONS = (
					"DEBUG=1",
					"$(inherited)",
				);
				GCC_WARN_64_TO_32_BIT_CONVERSION = YES;
				GCC_WARN_ABOUT_RETURN_TYPE = YES_ERROR;
				GCC_WARN_UNDECLARED_SELECTOR = YES;
				GCC_WARN_UNINITIALIZED_AUTOS = YES_AGGRESSIVE;
				GCC_WARN_UNUSED_FUNCTION = YES;
				GCC_WARN_UNUSED_VARIABLE = YES;
				IPHONEOS_DEPLOYMENT_TARGET = 10.3;
				MTL_ENABLE_DEBUG_INFO = YES;
				ONLY_ACTIVE_ARCH = YES;
				SDKROOT = iphoneos;
			};
			name = Debug;
		};
		3CB7B7261F63911C000DBF9C /* Release */ = {
			isa = XCBuildConfiguration;
			buildSettings = {
				ALWAYS_SEARCH_USER_PATHS = NO;
				CLANG_ANALYZER_NONNULL = YES;
				CLANG_ANALYZER_NUMBER_OBJECT_CONVERSION = YES_AGGRESSIVE;
				CLANG_CXX_LANGUAGE_STANDARD = "gnu++0x";
				CLANG_CXX_LIBRARY = "libc++";
				CLANG_ENABLE_MODULES = YES;
				CLANG_ENABLE_OBJC_ARC = YES;
				CLANG_WARN_BOOL_CONVERSION = YES;
				CLANG_WARN_CONSTANT_CONVERSION = YES;
				CLANG_WARN_DIRECT_OBJC_ISA_USAGE = YES_ERROR;
				CLANG_WARN_DOCUMENTATION_COMMENTS = YES;
				CLANG_WARN_EMPTY_BODY = YES;
				CLANG_WARN_ENUM_CONVERSION = YES;
				CLANG_WARN_INFINITE_RECURSION = YES;
				CLANG_WARN_INT_CONVERSION = YES;
				CLANG_WARN_OBJC_ROOT_CLASS = YES_ERROR;
				CLANG_WARN_SUSPICIOUS_MOVE = YES;
				CLANG_WARN_UNREACHABLE_CODE = YES;
				CLANG_WARN__DUPLICATE_METHOD_MATCH = YES;
				"CODE_SIGN_IDENTITY[sdk=iphoneos*]" = "iPhone Developer";
				COPY_PHASE_STRIP = NO;
				DEBUG_INFORMATION_FORMAT = "dwarf-with-dsym";
				ENABLE_NS_ASSERTIONS = NO;
				ENABLE_STRICT_OBJC_MSGSEND = YES;
				GCC_C_LANGUAGE_STANDARD = gnu99;
				GCC_NO_COMMON_BLOCKS = YES;
				GCC_WARN_64_TO_32_BIT_CONVERSION = YES;
				GCC_WARN_ABOUT_RETURN_TYPE = YES_ERROR;
				GCC_WARN_UNDECLARED_SELECTOR = YES;
				GCC_WARN_UNINITIALIZED_AUTOS = YES_AGGRESSIVE;
				GCC_WARN_UNUSED_FUNCTION = YES;
				GCC_WARN_UNUSED_VARIABLE = YES;
				IPHONEOS_DEPLOYMENT_TARGET = 10.3;
				MTL_ENABLE_DEBUG_INFO = NO;
				SDKROOT = iphoneos;
				VALIDATE_PRODUCT = YES;
			};
			name = Release;
		};
		3CB7B7281F63911C000DBF9C /* Debug */ = {
			isa = XCBuildConfiguration;
			buildSettings = {
				ASSETCATALOG_COMPILER_APPICON_NAME = AppIcon;
				DEVELOPMENT_TEAM = HM2V979V4E;
				INFOPLIST_FILE = EEMultiDelegateDemo/Info.plist;
				LD_RUNPATH_SEARCH_PATHS = "$(inherited) @executable_path/Frameworks";
				PRODUCT_BUNDLE_IDENTIFIER = "IAN-APPS.EEMultiDelegateDemo";
				PRODUCT_NAME = "$(TARGET_NAME)";
			};
			name = Debug;
		};
		3CB7B7291F63911C000DBF9C /* Release */ = {
			isa = XCBuildConfiguration;
			buildSettings = {
				ASSETCATALOG_COMPILER_APPICON_NAME = AppIcon;
				DEVELOPMENT_TEAM = HM2V979V4E;
				INFOPLIST_FILE = EEMultiDelegateDemo/Info.plist;
				LD_RUNPATH_SEARCH_PATHS = "$(inherited) @executable_path/Frameworks";
				PRODUCT_BUNDLE_IDENTIFIER = "IAN-APPS.EEMultiDelegateDemo";
				PRODUCT_NAME = "$(TARGET_NAME)";
			};
			name = Release;
		};
/* End XCBuildConfiguration section */

/* Begin XCConfigurationList section */
		3CB7B70B1F63911C000DBF9C /* Build configuration list for PBXProject "EEMultiDelegateDemo" */ = {
			isa = XCConfigurationList;
			buildConfigurations = (
				3CB7B7251F63911C000DBF9C /* Debug */,
				3CB7B7261F63911C000DBF9C /* Release */,
			);
			defaultConfigurationIsVisible = 0;
			defaultConfigurationName = Release;
		};
		3CB7B7271F63911C000DBF9C /* Build configuration list for PBXNativeTarget "EEMultiDelegateDemo" */ = {
			isa = XCConfigurationList;
			buildConfigurations = (
				3CB7B7281F63911C000DBF9C /* Debug */,
				3CB7B7291F63911C000DBF9C /* Release */,
			);
			defaultConfigurationIsVisible = 0;
			defaultConfigurationName = Release;
		};
/* End XCConfigurationList section */
	};
	rootObject = 3CB7B7081F63911C000DBF9C /* Project object */;
}
